<?xml version="1.0" encoding="utf-8"?>
<Project ToolsVersion="4.0" xmlns="http://schemas.microsoft.com/developer/msbuild/2003">
  <ItemGroup>
    <Filter Include="win32">
      <UniqueIdentifier>{84a8ebd7-7cf0-47f6-b75e-d441df67da40}</UniqueIdentifier>
    </Filter>
    <Filter Include="resource">
      <UniqueIdentifier>{715254bc-d70b-4ec5-bf29-467dd3ace079}</UniqueIdentifier>
    </Filter>
    <Filter Include="src">
      <UniqueIdentifier>{bb6c862e-70e9-49d9-81b7-3829a6f50471}</UniqueIdentifier>
    </Filter>
    <Filter Include="common">
      <UniqueIdentifier>{a77822f0-faaa-4f72-90d5-252187ea5eff}</UniqueIdentifier>
    </Filter>
    <Filter Include="src\poker">
      <UniqueIdentifier>{838bbc86-8cad-486f-85d4-ccdab5bc833d}</UniqueIdentifier>
    </Filter>
  </ItemGroup>
  <ItemGroup>
    <ClCompile Include="main.cpp">
      <Filter>win32</Filter>
    </ClCompile>
    <ClCompile Include="..\Classes\AppDelegate.cpp">
      <Filter>src</Filter>
    </ClCompile>
    <ClCompile Include="..\Classes\HelloWorldScene.cpp">
      <Filter>src</Filter>
    </ClCompile>
    <ClCompile Include="..\Classes\ClientApp.cpp">
      <Filter>src</Filter>
    </ClCompile>
    <ClCompile Include="..\..\Common\CardPoker.cpp">
      <Filter>common</Filter>
    </ClCompile>
    <ClCompile Include="..\..\Common\ConfigReader.cpp">
      <Filter>common</Filter>
    </ClCompile>
    <ClCompile Include="..\..\Common\IConfigFile.cpp">
      <Filter>common</Filter>
    </ClCompile>
    <ClCompile Include="..\..\Common\LogManager.cpp">
      <Filter>common</Filter>
    </ClCompile>
    <ClCompile Include="..\..\Common\RoomConfig.cpp">
      <Filter>common</Filter>
    </ClCompile>
    <ClCompile Include="..\..\Common\TaxasPokerPeerCard.cpp">
      <Filter>common</Filter>
    </ClCompile>
    <ClCompile Include="..\..\Common\Utility.cpp">
      <Filter>common</Filter>
    </ClCompile>
    <ClCompile Include="..\Classes\loginScene.cpp">
      <Filter>src</Filter>
    </ClCompile>
    <ClCompile Include="..\Classes\IBaseScene.cpp">
      <Filter>src</Filter>
    </ClCompile>
    <ClCompile Include="..\Classes\MainScene.cpp">
      <Filter>src</Filter>
    </ClCompile>
    <ClCompile Include="..\Classes\TaxasPlayer.cpp">
      <Filter>src\poker</Filter>
    </ClCompile>
    <ClCompile Include="..\Classes\LocalTaxasPlayer.cpp">
      <Filter>src\poker</Filter>
    </ClCompile>
    <ClCompile Include="..\Classes\TaxasPokerScene.cpp">
      <Filter>src\poker</Filter>
    </ClCompile>
    <ClCompile Include="..\Classes\TaxasPokerData.cpp">
      <Filter>src\poker</Filter>
    </ClCompile>
    <ClCompile Include="..\Classes\TaxasPokerSceneState.cpp">
      <Filter>src\poker</Filter>
    </ClCompile>
    <ClCompile Include="..\Classes\ChipGroup.cpp">
      <Filter>src\poker</Filter>
    </ClCompile>
    <ClCompile Include="..\Classes\chatLayer.cpp">
      <Filter>src\poker</Filter>
    </ClCompile>
    <ClCompile Include="..\Classes\checkUpdateLayer.cpp">
      <Filter>src</Filter>
    </ClCompile>
  </ItemGroup>
  <ItemGroup>
    <ClInclude Include="main.h">
      <Filter>win32</Filter>
    </ClInclude>
    <ClInclude Include="..\Classes\AppDelegate.h">
      <Filter>src</Filter>
    </ClInclude>
    <ClInclude Include="..\Classes\HelloWorldScene.h">
      <Filter>src</Filter>
    </ClInclude>
    <ClInclude Include="..\Classes\ClientApp.h">
      <Filter>src</Filter>
    </ClInclude>
    <ClInclude Include="..\..\Common\CardPoker.h">
      <Filter>common</Filter>
    </ClInclude>
    <ClInclude Include="..\..\Common\CommonData.h">
      <Filter>common</Filter>
    </ClInclude>
    <ClInclude Include="..\..\Common\CommonDefine.h">
      <Filter>common</Filter>
    </ClInclude>
    <ClInclude Include="..\..\Common\ConfigReader.h">
      <Filter>common</Filter>
    </ClInclude>
    <ClInclude Include="..\..\Common\IConfigFile.h">
      <Filter>common</Filter>
    </ClInclude>
    <ClInclude Include="..\..\Common\LogManager.h">
      <Filter>common</Filter>
    </ClInclude>
    <ClInclude Include="..\..\Common\MessageDefine.h">
      <Filter>common</Filter>
    </ClInclude>
    <ClInclude Include="..\..\Common\MessageIdentifer.h">
      <Filter>common</Filter>
    </ClInclude>
    <ClInclude Include="..\..\Common\NativeTypes.h">
      <Filter>common</Filter>
    </ClInclude>
    <ClInclude Include="..\..\Common\RoomConfig.h">
      <Filter>common</Filter>
    </ClInclude>
    <ClInclude Include="..\..\Common\TaxasMessageDefine.h">
      <Filter>common</Filter>
    </ClInclude>
    <ClInclude Include="..\..\Common\TaxasPokerPeerCard.h">
      <Filter>common</Filter>
    </ClInclude>
    <ClInclude Include="..\..\Common\Utility.h">
      <Filter>common</Filter>
    </ClInclude>
    <ClInclude Include="..\Classes\loginScene.h">
      <Filter>src</Filter>
    </ClInclude>
    <ClInclude Include="..\Classes\IBaseScene.h">
      <Filter>src</Filter>
    </ClInclude>
    <ClInclude Include="..\Classes\MainScene.h">
      <Filter>src</Filter>
    </ClInclude>
    <ClInclude Include="..\Classes\TaxasPlayer.h">
      <Filter>src\poker</Filter>
    </ClInclude>
    <ClInclude Include="..\Classes\LocalTaxasPlayer.h">
      <Filter>src\poker</Filter>
    </ClInclude>
    <ClInclude Include="..\Classes\TaxasPokerScene.h">
      <Filter>src\poker</Filter>
    </ClInclude>
    <ClInclude Include="..\Classes\TaxasPokerData.h">
      <Filter>src\poker</Filter>
    </ClInclude>
    <ClInclude Include="..\Classes\TaxasPokerSceneState.h">
      <Filter>src\poker</Filter>
    </ClInclude>
    <ClInclude Include="..\Classes\ChipGroup.h">
      <Filter>src\poker</Filter>
    </ClInclude>
    <ClInclude Include="..\Classes\chatLayer.h">
      <Filter>src\poker</Filter>
    </ClInclude>
    <ClInclude Include="..\Classes\checkUpdateLayer.h">
      <Filter>src</Filter>
    </ClInclude>
  </ItemGroup>
  <ItemGroup>
    <ResourceCompile Include="game.rc">
      <Filter>resource</Filter>
    </ResourceCompile>
  </ItemGroup>
</Project>