<?xml version="1.0" encoding="utf-8"?>
<Project ToolsVersion="4.0" xmlns="http://schemas.microsoft.com/developer/msbuild/2003">
  <ItemGroup>
    <Filter Include="资源文件">
      <UniqueIdentifier>{67DA6AB6-F800-4c08-8B7A-83BB121AAD01}</UniqueIdentifier>
      <Extensions>rc;ico;cur;bmp;dlg;rc2;rct;bin;rgs;gif;jpg;jpeg;jpe;resx;tiff;tif;png;wav;mfcribbon-ms</Extensions>
    </Filter>
    <Filter Include="src">
      <UniqueIdentifier>{4FC737F1-C7A5-4376-A066-2A32D752A2FF}</UniqueIdentifier>
      <Extensions>cpp;c;cc;cxx;def;odl;idl;hpj;bat;asm;asmx</Extensions>
    </Filter>
    <Filter Include="Common">
      <UniqueIdentifier>{f74b55a8-28b7-4f9b-9a9c-ae6afb255aa4}</UniqueIdentifier>
    </Filter>
    <Filter Include="RobotConfig">
      <UniqueIdentifier>{0e8f0339-8b7a-4f6d-ad23-2b5e7666a82a}</UniqueIdentifier>
    </Filter>
    <Filter Include="RobotConfig\tinyXml">
      <UniqueIdentifier>{7a989a3c-acbe-4f57-a248-e3fd5f2ecd89}</UniqueIdentifier>
    </Filter>
    <Filter Include="SvrCommon">
      <UniqueIdentifier>{69cdac47-c6ab-49ee-a07c-205ee646209b}</UniqueIdentifier>
    </Filter>
    <Filter Include="robot">
      <UniqueIdentifier>{2ed534eb-e651-4d6f-b303-36b514090e07}</UniqueIdentifier>
    </Filter>
    <Filter Include="src\cmd">
      <UniqueIdentifier>{5d03fce9-3e61-4c84-9319-aa04ebf28ba8}</UniqueIdentifier>
    </Filter>
  </ItemGroup>
  <ItemGroup>
    <ClCompile Include="..\Common\ConfigReader.cpp">
      <Filter>Common</Filter>
    </ClCompile>
    <ClCompile Include="..\Common\LogManager.cpp">
      <Filter>Common</Filter>
    </ClCompile>
    <ClCompile Include="..\Common\Utility.cpp">
      <Filter>Common</Filter>
    </ClCompile>
    <ClCompile Include="src\main.cpp">
      <Filter>src</Filter>
    </ClCompile>
    <ClCompile Include="src\Client.cpp">
      <Filter>src</Filter>
    </ClCompile>
    <ClCompile Include="src\IScene.cpp">
      <Filter>src</Filter>
    </ClCompile>
    <ClCompile Include="src\LoginScene.cpp">
      <Filter>src</Filter>
    </ClCompile>
    <ClCompile Include="src\PlayerData.cpp">
      <Filter>src</Filter>
    </ClCompile>
    <ClCompile Include="..\Common\IConfigFile.cpp">
      <Filter>Common</Filter>
    </ClCompile>
    <ClCompile Include="src\RobotConfig.cpp">
      <Filter>src</Filter>
    </ClCompile>
    <ClCompile Include="src\tinystr.cpp">
      <Filter>RobotConfig\tinyXml</Filter>
    </ClCompile>
    <ClCompile Include="src\tinyxml.cpp">
      <Filter>RobotConfig\tinyXml</Filter>
    </ClCompile>
    <ClCompile Include="src\tinyxmlerror.cpp">
      <Filter>RobotConfig\tinyXml</Filter>
    </ClCompile>
    <ClCompile Include="src\tinyxmlparser.cpp">
      <Filter>RobotConfig\tinyXml</Filter>
    </ClCompile>
    <ClCompile Include="..\Common\TaxasPokerPeerCard.cpp">
      <Filter>Common</Filter>
    </ClCompile>
    <ClCompile Include="..\Common\CardPoker.cpp">
      <Filter>Common</Filter>
    </ClCompile>
    <ClCompile Include="src\TaxasPokerScene.cpp">
      <Filter>src</Filter>
    </ClCompile>
    <ClCompile Include="..\Server\ServerCommon\mutex.cpp">
      <Filter>SvrCommon</Filter>
    </ClCompile>
    <ClCompile Include="..\Server\ServerCommon\Sem.cpp">
      <Filter>SvrCommon</Filter>
    </ClCompile>
    <ClCompile Include="..\Server\ServerCommon\ThreadMod.cpp">
      <Filter>SvrCommon</Filter>
    </ClCompile>
    <ClCompile Include="src\TaxasRobotAIConfig.cpp">
      <Filter>RobotConfig</Filter>
    </ClCompile>
    <ClCompile Include="src\robot.cpp">
      <Filter>robot</Filter>
    </ClCompile>
    <ClCompile Include="src\RobotControlTaxas.cpp">
      <Filter>robot</Filter>
    </ClCompile>
    <ClCompile Include="src\robotControl.cpp">
      <Filter>robot</Filter>
    </ClCompile>
    <ClCompile Include="src\TaxasPokerData.cpp">
      <Filter>src</Filter>
    </ClCompile>
    <ClCompile Include="..\Common\MemoryManager.cpp">
      <Filter>Common</Filter>
    </ClCompile>
    <ClCompile Include="src\RobotAIConfig.cpp">
      <Filter>src</Filter>
    </ClCompile>
    <ClCompile Include="src\TaxasRobotBrain.cpp">
      <Filter>robot</Filter>
    </ClCompile>
    <ClCompile Include="src\NiuNiuScene.cpp">
      <Filter>src</Filter>
    </ClCompile>
    <ClCompile Include="src\NiuNiuData.cpp">
      <Filter>src</Filter>
    </ClCompile>
    <ClCompile Include="src\RobotControlNiuNiu.cpp">
      <Filter>robot</Filter>
    </ClCompile>
    <ClCompile Include="src\SitableRoomData.cpp">
      <Filter>src</Filter>
    </ClCompile>
    <ClCompile Include="src\RobotControlGolden.cpp">
      <Filter>robot</Filter>
    </ClCompile>
    <ClCompile Include="src\GoldenData.cpp">
      <Filter>src</Filter>
    </ClCompile>
    <ClCompile Include="..\Common\PeerCard.cpp">
      <Filter>Common</Filter>
    </ClCompile>
    <ClCompile Include="src\GoldenScene.cpp">
      <Filter>src</Filter>
    </ClCompile>
    <ClCompile Include="src\cmdCenter.cpp">
      <Filter>src</Filter>
    </ClCompile>
    <ClCompile Include="src\commonCmdScene.cpp">
      <Filter>src\cmd</Filter>
    </ClCompile>
  </ItemGroup>
  <ItemGroup>
    <ClInclude Include="..\Common\CommonDefine.h">
      <Filter>Common</Filter>
    </ClInclude>
    <ClInclude Include="..\Common\ConfigReader.h">
      <Filter>Common</Filter>
    </ClInclude>
    <ClInclude Include="..\Common\LogManager.h">
      <Filter>Common</Filter>
    </ClInclude>
    <ClInclude Include="..\Common\MessageDefine.h">
      <Filter>Common</Filter>
    </ClInclude>
    <ClInclude Include="..\Common\MessageIdentifer.h">
      <Filter>Common</Filter>
    </ClInclude>
    <ClInclude Include="..\Common\Utility.h">
      <Filter>Common</Filter>
    </ClInclude>
    <ClInclude Include="..\Common\IConfigFile.h">
      <Filter>Common</Filter>
    </ClInclude>
    <ClInclude Include="src\RobotAIConfig.h">
      <Filter>RobotConfig</Filter>
    </ClInclude>
    <ClInclude Include="src\tinystr.h">
      <Filter>RobotConfig\tinyXml</Filter>
    </ClInclude>
    <ClInclude Include="src\tinyxml.h">
      <Filter>RobotConfig\tinyXml</Filter>
    </ClInclude>
    <ClInclude Include="..\Common\TaxasPokerPeerCard.h">
      <Filter>Common</Filter>
    </ClInclude>
    <ClInclude Include="..\Common\CardPoker.h">
      <Filter>Common</Filter>
    </ClInclude>
    <ClInclude Include="..\Server\ServerCommon\mutex.h">
      <Filter>SvrCommon</Filter>
    </ClInclude>
    <ClInclude Include="..\Server\ServerCommon\Sem.h">
      <Filter>SvrCommon</Filter>
    </ClInclude>
    <ClInclude Include="..\Server\ServerCommon\ThreadMod.h">
      <Filter>SvrCommon</Filter>
    </ClInclude>
    <ClInclude Include="..\Common\TaxasMessageDefine.h">
      <Filter>Common</Filter>
    </ClInclude>
    <ClInclude Include="src\TaxasRobotAIConfig.h">
      <Filter>RobotConfig</Filter>
    </ClInclude>
    <ClInclude Include="src\robot.h">
      <Filter>robot</Filter>
    </ClInclude>
    <ClInclude Include="src\RobotControlTaxas.h">
      <Filter>robot</Filter>
    </ClInclude>
    <ClInclude Include="src\robotControl.h">
      <Filter>robot</Filter>
    </ClInclude>
    <ClInclude Include="src\Client.h">
      <Filter>src</Filter>
    </ClInclude>
    <ClInclude Include="src\IScene.h">
      <Filter>src</Filter>
    </ClInclude>
    <ClInclude Include="src\LoginScene.h">
      <Filter>src</Filter>
    </ClInclude>
    <ClInclude Include="src\main.h">
      <Filter>src</Filter>
    </ClInclude>
    <ClInclude Include="src\PlayerData.h">
      <Filter>src</Filter>
    </ClInclude>
    <ClInclude Include="src\RobotConfig.h">
      <Filter>src</Filter>
    </ClInclude>
    <ClInclude Include="src\TaxasPokerScene.h">
      <Filter>src</Filter>
    </ClInclude>
    <ClInclude Include="src\TaxasPokerData.h">
      <Filter>src</Filter>
    </ClInclude>
    <ClInclude Include="..\Common\MemoryManager.h">
      <Filter>Common</Filter>
    </ClInclude>
    <ClInclude Include="src\TaxasRobotBrain.h">
      <Filter>robot</Filter>
    </ClInclude>
    <ClInclude Include="..\Common\NiuNiuMessageDefine.h">
      <Filter>Common</Filter>
    </ClInclude>
    <ClInclude Include="src\NiuNiuScene.h">
      <Filter>src</Filter>
    </ClInclude>
    <ClInclude Include="src\NiuNiuData.h">
      <Filter>src</Filter>
    </ClInclude>
    <ClInclude Include="src\RobotControlNiuNiu.h">
      <Filter>robot</Filter>
    </ClInclude>
    <ClInclude Include="src\SitableRoomData.h">
      <Filter>src</Filter>
    </ClInclude>
    <ClInclude Include="src\RobotControlGolden.h">
      <Filter>robot</Filter>
    </ClInclude>
    <ClInclude Include="src\GoldenData.h">
      <Filter>src</Filter>
    </ClInclude>
    <ClInclude Include="..\Common\GoldenMessageDefine.h">
      <Filter>Common</Filter>
    </ClInclude>
    <ClInclude Include="..\Common\PeerCard.h">
      <Filter>Common</Filter>
    </ClInclude>
    <ClInclude Include="src\GoldenScene.h">
      <Filter>src</Filter>
    </ClInclude>
    <ClInclude Include="src\cmdCenter.h">
      <Filter>src</Filter>
    </ClInclude>
    <ClInclude Include="src\commonCmdScene.h">
      <Filter>src\cmd</Filter>
    </ClInclude>
  </ItemGroup>
</Project>