<?xml version="1.0" encoding="utf-8"?>
<Project ToolsVersion="4.0" xmlns="http://schemas.microsoft.com/developer/msbuild/2003">
  <ItemGroup>
    <Filter Include="src">
      <UniqueIdentifier>{4FC737F1-C7A5-4376-A066-2A32D752A2FF}</UniqueIdentifier>
      <Extensions>cpp;c;cc;cxx;def;odl;idl;hpj;bat;asm;asmx</Extensions>
    </Filter>
    <Filter Include="Common">
      <UniqueIdentifier>{4f410397-7423-480e-aa60-16fb3d675dfd}</UniqueIdentifier>
    </Filter>
    <Filter Include="src\Room">
      <UniqueIdentifier>{9b9c4c66-6898-493a-aa09-2f2238c57ae6}</UniqueIdentifier>
    </Filter>
    <Filter Include="src\Room\GoldenPokerRoom">
      <UniqueIdentifier>{7aea3a20-f007-438a-960d-b2117d2e8c91}</UniqueIdentifier>
    </Filter>
    <Filter Include="src\Room\Base">
      <UniqueIdentifier>{522a3b72-34fe-4bc3-b066-3894591e441b}</UniqueIdentifier>
    </Filter>
    <Filter Include="src\App">
      <UniqueIdentifier>{cf27c37a-8c66-497b-bb54-dce03e04adc8}</UniqueIdentifier>
    </Filter>
    <Filter Include="src\Room\TexasPoker">
      <UniqueIdentifier>{054dbf27-2762-46c0-97ba-89f0948be107}</UniqueIdentifier>
    </Filter>
    <Filter Include="src\Config">
      <UniqueIdentifier>{7216439b-75de-4289-97e5-9dca000537d6}</UniqueIdentifier>
    </Filter>
    <Filter Include="src\Rank">
      <UniqueIdentifier>{fd36f033-7103-4ffb-896b-7c1049a0ecc3}</UniqueIdentifier>
    </Filter>
    <Filter Include="src\Brocast">
      <UniqueIdentifier>{9ba1bb42-320c-49d6-93b4-5f99dfb146a5}</UniqueIdentifier>
    </Filter>
    <Filter Include="src\Player">
      <UniqueIdentifier>{6c806493-f39d-4048-a829-4052863fede2}</UniqueIdentifier>
    </Filter>
  </ItemGroup>
  <ItemGroup>
    <ClInclude Include="..\..\Common\CommonDefine.h">
      <Filter>Common</Filter>
    </ClInclude>
    <ClInclude Include="..\..\Common\ConfigReader.h">
      <Filter>Common</Filter>
    </ClInclude>
    <ClInclude Include="..\..\Common\LogManager.h">
      <Filter>Common</Filter>
    </ClInclude>
    <ClInclude Include="..\..\Common\Utility.h">
      <Filter>Common</Filter>
    </ClInclude>
    <ClInclude Include="..\..\Common\MessageDefine.h">
      <Filter>Common</Filter>
    </ClInclude>
    <ClInclude Include="..\..\Common\MessageIdentifer.h">
      <Filter>Common</Filter>
    </ClInclude>
    <ClInclude Include="..\..\Common\NetWorkManager.h">
      <Filter>Common</Filter>
    </ClInclude>
    <ClInclude Include="..\..\Common\ServerMessageDefine.h">
      <Filter>Common</Filter>
    </ClInclude>
    <ClInclude Include="..\..\Common\Timer.h">
      <Filter>Common</Filter>
    </ClInclude>
    <ClInclude Include="..\..\Common\CardPoker.h">
      <Filter>Common</Filter>
    </ClInclude>
    <ClInclude Include="..\..\Common\PeerCard.h">
      <Filter>Common</Filter>
    </ClInclude>
    <ClInclude Include="..\..\Common\GoldenMessageDefine.h">
      <Filter>Common</Filter>
    </ClInclude>
    <ClInclude Include="src\RoomGolden.h">
      <Filter>src\Room\GoldenPokerRoom</Filter>
    </ClInclude>
    <ClInclude Include="src\RoomBase.h">
      <Filter>src\Room\Base</Filter>
    </ClInclude>
    <ClInclude Include="src\RoomManager.h">
      <Filter>src\App</Filter>
    </ClInclude>
    <ClInclude Include="src\GameServerApp.h">
      <Filter>src\App</Filter>
    </ClInclude>
    <ClInclude Include="src\main.h">
      <Filter>src\App</Filter>
    </ClInclude>
    <ClInclude Include="src\PlayerManager.h">
      <Filter>src\App</Filter>
    </ClInclude>
    <ClInclude Include="src\RoomTexasPoker.h">
      <Filter>src\Room\TexasPoker</Filter>
    </ClInclude>
    <ClInclude Include="..\..\Common\TaxasPokerPeerCard.h">
      <Filter>Common</Filter>
    </ClInclude>
    <ClInclude Include="..\..\Common\TaxasPokerMessage.h">
      <Filter>Common</Filter>
    </ClInclude>
    <ClInclude Include="..\..\Common\IConfigFile.h">
      <Filter>Common</Filter>
    </ClInclude>
    <ClInclude Include="..\..\Common\ItemConfig.h">
      <Filter>Common</Filter>
    </ClInclude>
    <ClInclude Include="src\GameRank.h">
      <Filter>src\Rank</Filter>
    </ClInclude>
    <ClInclude Include="src\Brocaster.h">
      <Filter>src\Brocast</Filter>
    </ClInclude>
    <ClInclude Include="src\InformConfig.h">
      <Filter>src\Config</Filter>
    </ClInclude>
    <ClInclude Include="..\..\Common\ShopConfg.h">
      <Filter>Common</Filter>
    </ClInclude>
    <ClInclude Include="..\..\Common\MissionConfig.h">
      <Filter>Common</Filter>
    </ClInclude>
    <ClInclude Include="..\..\Common\ConfigManager.h">
      <Filter>Common</Filter>
    </ClInclude>
    <ClInclude Include="..\..\Common\ContinueLoginConfig.h">
      <Filter>Common</Filter>
    </ClInclude>
    <ClInclude Include="src\SlotMachine.h">
      <Filter>src\Config</Filter>
    </ClInclude>
    <ClInclude Include="..\..\Common\BoxConfig.h">
      <Filter>Common</Filter>
    </ClInclude>
    <ClInclude Include="..\..\Common\ServerConfig.h">
      <Filter>Common</Filter>
    </ClInclude>
    <ClInclude Include="src\RobotManager.h">
      <Filter>src\App</Filter>
    </ClInclude>
    <ClInclude Include="src\EventCenter.h">
      <Filter>src\App</Filter>
    </ClInclude>
    <ClInclude Include="src\Events.h">
      <Filter>src\App</Filter>
    </ClInclude>
    <ClInclude Include="src\IPlayerComponent.h">
      <Filter>src\Player</Filter>
    </ClInclude>
    <ClInclude Include="src\Player.h">
      <Filter>src\Player</Filter>
    </ClInclude>
    <ClInclude Include="src\PlayerBaseData.h">
      <Filter>src\Player</Filter>
    </ClInclude>
    <ClInclude Include="src\PlayerFriend.h">
      <Filter>src\Player</Filter>
    </ClInclude>
    <ClInclude Include="src\PlayerEvent.h">
      <Filter>src\Player</Filter>
    </ClInclude>
    <ClInclude Include="src\PlayerItem.h">
      <Filter>src\Player</Filter>
    </ClInclude>
    <ClInclude Include="src\PlayerMail.h">
      <Filter>src\Player</Filter>
    </ClInclude>
    <ClInclude Include="src\PlayerMission.h">
      <Filter>src\Player</Filter>
    </ClInclude>
    <ClInclude Include="src\PlayerOnlineBox.h">
      <Filter>src\Player</Filter>
    </ClInclude>
    <ClInclude Include="src\PlayerShop.h">
      <Filter>src\Player</Filter>
    </ClInclude>
    <ClInclude Include="src\RoomPeer.h">
      <Filter>src\Player</Filter>
    </ClInclude>
    <ClInclude Include="src\TaxasPokerPeer.h">
      <Filter>src\Player</Filter>
    </ClInclude>
    <ClInclude Include="..\..\Common\RoomConfig.h">
      <Filter>Common</Filter>
    </ClInclude>
  </ItemGroup>
  <ItemGroup>
    <ClCompile Include="..\..\Common\ConfigReader.cpp">
      <Filter>Common</Filter>
    </ClCompile>
    <ClCompile Include="..\..\Common\LogManager.cpp">
      <Filter>Common</Filter>
    </ClCompile>
    <ClCompile Include="..\..\Common\Utility.cpp">
      <Filter>Common</Filter>
    </ClCompile>
    <ClCompile Include="..\..\Common\NetWorkManager.cpp">
      <Filter>Common</Filter>
    </ClCompile>
    <ClCompile Include="..\..\Common\Timer.cpp">
      <Filter>Common</Filter>
    </ClCompile>
    <ClCompile Include="..\..\Common\CardPoker.cpp">
      <Filter>Common</Filter>
    </ClCompile>
    <ClCompile Include="..\..\Common\PeerCard.cpp">
      <Filter>Common</Filter>
    </ClCompile>
    <ClCompile Include="src\RoomGolden.cpp">
      <Filter>src\Room\GoldenPokerRoom</Filter>
    </ClCompile>
    <ClCompile Include="src\RoomBase.cpp">
      <Filter>src\Room\Base</Filter>
    </ClCompile>
    <ClCompile Include="src\GameServerApp.cpp">
      <Filter>src\App</Filter>
    </ClCompile>
    <ClCompile Include="src\main.cpp">
      <Filter>src\App</Filter>
    </ClCompile>
    <ClCompile Include="src\PlayerManager.cpp">
      <Filter>src\App</Filter>
    </ClCompile>
    <ClCompile Include="src\RoomManager.cpp">
      <Filter>src\App</Filter>
    </ClCompile>
    <ClCompile Include="src\RoomTexasPoker.cpp">
      <Filter>src\Room\TexasPoker</Filter>
    </ClCompile>
    <ClCompile Include="..\..\Common\TaxasPokerPeerCard.cpp">
      <Filter>Common</Filter>
    </ClCompile>
    <ClCompile Include="..\..\Common\IConfigFile.cpp">
      <Filter>Common</Filter>
    </ClCompile>
    <ClCompile Include="..\..\Common\ItemConfig.cpp">
      <Filter>Common</Filter>
    </ClCompile>
    <ClCompile Include="src\GameRank.cpp">
      <Filter>src\Rank</Filter>
    </ClCompile>
    <ClCompile Include="src\Brocaster.cpp">
      <Filter>src\Brocast</Filter>
    </ClCompile>
    <ClCompile Include="src\InformConfig.cpp">
      <Filter>src\Config</Filter>
    </ClCompile>
    <ClCompile Include="..\..\Common\ShopConfg.cpp">
      <Filter>Common</Filter>
    </ClCompile>
    <ClCompile Include="..\..\Common\MissionConfig.cpp">
      <Filter>Common</Filter>
    </ClCompile>
    <ClCompile Include="..\..\Common\ConfigManager.cpp">
      <Filter>Common</Filter>
    </ClCompile>
    <ClCompile Include="..\..\Common\ContinueLoginConfig.cpp">
      <Filter>Common</Filter>
    </ClCompile>
    <ClCompile Include="src\SlotMachine.cpp">
      <Filter>src\Config</Filter>
    </ClCompile>
    <ClCompile Include="..\..\Common\BoxConfig.cpp">
      <Filter>Common</Filter>
    </ClCompile>
    <ClCompile Include="..\..\Common\ServerConfig.cpp">
      <Filter>Common</Filter>
    </ClCompile>
    <ClCompile Include="src\RobotManager.cpp">
      <Filter>src\App</Filter>
    </ClCompile>
    <ClCompile Include="src\EventCenter.cpp">
      <Filter>src\App</Filter>
    </ClCompile>
    <ClCompile Include="src\IPlayerComponent.cpp">
      <Filter>src\Player</Filter>
    </ClCompile>
    <ClCompile Include="src\Player.cpp">
      <Filter>src\Player</Filter>
    </ClCompile>
    <ClCompile Include="src\PlayerBaseData.cpp">
      <Filter>src\Player</Filter>
    </ClCompile>
    <ClCompile Include="src\PlayerFriend.cpp">
      <Filter>src\Player</Filter>
    </ClCompile>
    <ClCompile Include="src\PlayerItem.cpp">
      <Filter>src\Player</Filter>
    </ClCompile>
    <ClCompile Include="src\PlayerMail.cpp">
      <Filter>src\Player</Filter>
    </ClCompile>
    <ClCompile Include="src\PlayerMission.cpp">
      <Filter>src\Player</Filter>
    </ClCompile>
    <ClCompile Include="src\PlayerOnlineBox.cpp">
      <Filter>src\Player</Filter>
    </ClCompile>
    <ClCompile Include="src\PlayerShop.cpp">
      <Filter>src\Player</Filter>
    </ClCompile>
    <ClCompile Include="src\RoomPeer.cpp">
      <Filter>src\Player</Filter>
    </ClCompile>
    <ClCompile Include="src\TaxasPokerPeer.cpp">
      <Filter>src\Player</Filter>
    </ClCompile>
    <ClCompile Include="..\..\Common\RoomConfig.cpp">
      <Filter>Common</Filter>
    </ClCompile>
  </ItemGroup>
  <ItemGroup>
    <None Include="ClassDiagram1.cd" />
  </ItemGroup>
</Project>